{
  "name": "flowmemory-services-v0",
  "lockfileVersion": 3,
  "requires": true,
  "packages": {
    "": {
      "name": "flowmemory-services-v0",
      "workspaces": [
        "services/shared",
        "services/indexer",
        "services/verifier",
        "services/flowmemory"
      ]
    },
    "node_modules/@flowmemory/indexer-v0": {
      "resolved": "services/indexer",
      "link": true
    },
    "node_modules/@flowmemory/indexer-verifier-foundation": {
      "resolved": "services/shared",
      "link": true
    },
    "node_modules/@flowmemory/launch-core-v0": {
      "resolved": "services/flowmemory",
      "link": true
    },
    "node_modules/@flowmemory/verifier-v0": {
      "resolved": "services/verifier",
      "link": true
    },
    "services/flowmemory": {
      "name": "@flowmemory/launch-core-v0"
    },
    "services/indexer": {
      "name": "@flowmemory/indexer-v0"
    },
    "services/shared": {
      "name": "@flowmemory/indexer-verifier-foundation"
    },
    "services/verifier": {
      "name": "@flowmemory/verifier-v0"
    }
  }
}
